# This file was autogenerated by Stack.
# You should not edit this file by hand.
# For more information, please see the documentation at:
#   https://docs.haskellstack.org/en/stable/lock_files

packages:
- completed:
    name: pangu-hs
    pantry-tree:
      sha256: b60bca48f5c2750b23e80893cdbba3dabd42d9198dadd39a154f174d254ef1b2
      size: 623
    sha256: f0c2daab996b2304598fa20d743eecf0f660c415000bcaa9b6b97e2cfad4de49
    size: 4885
    url: https://github.com/ayanamists/pangu-hs/archive/b2291b06e7386e6f33bb25ea69bc9e309d93bad4.tar.gz
    version: 0.1.0.0
  original:
    url: https://github.com/ayanamists/pangu-hs/archive/b2291b06e7386e6f33bb25ea69bc9e309d93bad4.tar.gz
snapshots:
- completed:
    sha256: 1435a8c3c419d01af402eef9c0938adb601031d8ed625622ef1519fa726db042
    size: 665058
    url: https://raw.githubusercontent.com/commercialhaskell/stackage-snapshots/master/nightly/2024/10/11.yaml
  original: nightly-2024-10-11
